
Microsoft Visual Studio Solution File, Format Version 12.00
# Visual Studio Version 17
VisualStudioVersion = 17.14.36915.13 d17.14
MinimumVisualStudioVersion = 10.0.40219.1
Project("{FAE04EC0-301F-11D3-BF4B-00C04F79EFBC}") = "archCSV", "archCSV\archCSV.csproj", "{EC890864-FF06-4D9F-B746-0C96D6F950C7}"
EndProject
Global
	GlobalSection(SolutionConfigurationPlatforms) = preSolution
		Debug|Any CPU = Debug|Any CPU
		Release|Any CPU = Release|Any CPU
	EndGlobalSection
	GlobalSection(ProjectConfigurationPlatforms) = postSolution
		{EC890864-FF06-4D9F-B746-0C96D6F950C7}.Debug|Any CPU.ActiveCfg = Debug|Any CPU
		{EC890864-FF06-4D9F-B746-0C96D6F950C7}.Debug|Any CPU.Build.0 = Debug|Any CPU
		{EC890864-FF06-4D9F-B746-0C96D6F950C7}.Release|Any CPU.ActiveCfg = Release|Any CPU
		{EC890864-FF06-4D9F-B746-0C96D6F950C7}.Release|Any CPU.Build.0 = Release|Any CPU
	EndGlobalSection
	GlobalSection(SolutionProperties) = preSolution
		HideSolutionNode = FALSE
	EndGlobalSection
	GlobalSection(ExtensibilityGlobals) = postSolution
		SolutionGuid = {99D54332-6ABE-4709-A2A5-3ECE2ACAAABB}
	EndGlobalSection
EndGlobal
